
Microsoft Visual Studio Solution File, Format Version 12.00
Project("{FAE04EC0-301F-11D3-BF4B-00C04F79EFBC}") = "WeatherProducer", "WeatherProducer\WeatherProducer.csproj", "{BFCB9074-F636-4F5C-99C6-14E1B6FB34A3}"
EndProject
Project("{FAE04EC0-301F-11D3-BF4B-00C04F79EFBC}") = "WeatherConsumer", "WeatherConsumer\WeatherConsumer.csproj", "{7EFB179F-1074-4C21-A214-EC8CEFFF3C66}"
EndProject
Global
	GlobalSection(SolutionConfigurationPlatforms) = preSolution
		Debug|Any CPU = Debug|Any CPU
		Release|Any CPU = Release|Any CPU
	EndGlobalSection
	GlobalSection(ProjectConfigurationPlatforms) = postSolution
		{BFCB9074-F636-4F5C-99C6-14E1B6FB34A3}.Debug|Any CPU.ActiveCfg = Debug|Any CPU
		{BFCB9074-F636-4F5C-99C6-14E1B6FB34A3}.Debug|Any CPU.Build.0 = Debug|Any CPU
		{BFCB9074-F636-4F5C-99C6-14E1B6FB34A3}.Release|Any CPU.ActiveCfg = Release|Any CPU
		{BFCB9074-F636-4F5C-99C6-14E1B6FB34A3}.Release|Any CPU.Build.0 = Release|Any CPU
		{7EFB179F-1074-4C21-A214-EC8CEFFF3C66}.Debug|Any CPU.ActiveCfg = Debug|Any CPU
		{7EFB179F-1074-4C21-A214-EC8CEFFF3C66}.Debug|Any CPU.Build.0 = Debug|Any CPU
		{7EFB179F-1074-4C21-A214-EC8CEFFF3C66}.Release|Any CPU.ActiveCfg = Release|Any CPU
		{7EFB179F-1074-4C21-A214-EC8CEFFF3C66}.Release|Any CPU.Build.0 = Release|Any CPU
	EndGlobalSection
EndGlobal
